
Microsoft Visual Studio Solution File, Format Version 12.00
# Visual Studio Version 17
VisualStudioVersion = 17.5.33516.290
MinimumVisualStudioVersion = 10.0.40219.1
Project("{FAE04EC0-301F-11D3-BF4B-00C04F79EFBC}") = "Box Office", "Box Office\Box Office.csproj", "{E56BE8C3-D516-4572-BA62-14E271ED508C}"
EndProject
Global
	GlobalSection(SolutionConfigurationPlatforms) = preSolution
		Debug|Any CPU = Debug|Any CPU
		Release|Any CPU = Release|Any CPU
	EndGlobalSection
	GlobalSection(ProjectConfigurationPlatforms) = postSolution
		{E56BE8C3-D516-4572-BA62-14E271ED508C}.Debug|Any CPU.ActiveCfg = Debug|Any CPU
		{E56BE8C3-D516-4572-BA62-14E271ED508C}.Debug|Any CPU.Build.0 = Debug|Any CPU
		{E56BE8C3-D516-4572-BA62-14E271ED508C}.Release|Any CPU.ActiveCfg = Release|Any CPU
		{E56BE8C3-D516-4572-BA62-14E271ED508C}.Release|Any CPU.Build.0 = Release|Any CPU
	EndGlobalSection
	GlobalSection(SolutionProperties) = preSolution
		HideSolutionNode = FALSE
	EndGlobalSection
	GlobalSection(ExtensibilityGlobals) = postSolution
		SolutionGuid = {5811C3DC-CA44-4515-9DF4-71E7465474B9}
	EndGlobalSection
EndGlobal
